
Microsoft Visual Studio Solution File, Format Version 12.00
# Visual Studio 15
VisualStudioVersion = 15.0.26730.3
MinimumVisualStudioVersion = 10.0.40219.1
Project("{FAE04EC0-301F-11D3-BF4B-00C04F79EFBC}") = "JsonCMS", "JsonCMS\JsonCMS.csproj", "{6931DB9C-5738-462C-9C0A-E0FFCE1DE074}"
EndProject
Global
	GlobalSection(SolutionConfigurationPlatforms) = preSolution
		Debug|Any CPU = Debug|Any CPU
		Release|Any CPU = Release|Any CPU
	EndGlobalSection
	GlobalSection(ProjectConfigurationPlatforms) = postSolution
		{6931DB9C-5738-462C-9C0A-E0FFCE1DE074}.Debug|Any CPU.ActiveCfg = Debug|Any CPU
		{6931DB9C-5738-462C-9C0A-E0FFCE1DE074}.Debug|Any CPU.Build.0 = Debug|Any CPU
		{6931DB9C-5738-462C-9C0A-E0FFCE1DE074}.Release|Any CPU.ActiveCfg = Release|Any CPU
		{6931DB9C-5738-462C-9C0A-E0FFCE1DE074}.Release|Any CPU.Build.0 = Release|Any CPU
	EndGlobalSection
	GlobalSection(SolutionProperties) = preSolution
		HideSolutionNode = FALSE
	EndGlobalSection
	GlobalSection(ExtensibilityGlobals) = postSolution
		SolutionGuid = {54E4940A-D825-454A-8437-C44D7ACB1F3A}
	EndGlobalSection
EndGlobal
